
Microsoft Visual Studio Solution File, Format Version 12.00
# Visual Studio Version 17
VisualStudioVersion = 17.4.33110.190
MinimumVisualStudioVersion = 10.0.40219.1
Project("{2150E333-8FDC-42A3-9474-1A3956D46DE8}") = "src", "src", "{BF18D0F5-01D7-4B76-B496-28AAB2EF5B2A}"
EndProject
Project("{2150E333-8FDC-42A3-9474-1A3956D46DE8}") = "buildingBlocks", "buildingBlocks", "{A7F166D0-622A-4522-A8CD-941BDB5297FA}"
EndProject
Project("{2150E333-8FDC-42A3-9474-1A3956D46DE8}") = "services", "services", "{1B285488-F55B-4C14-8E4C-CB451371C4D9}"
EndProject
Project("{2150E333-8FDC-42A3-9474-1A3956D46DE8}") = "web", "web", "{69460DC5-98DD-47C6-B626-EC9DD583546D}"
EndProject
Project("{2150E333-8FDC-42A3-9474-1A3956D46DE8}") = "identidade", "identidade", "{69B58768-A7C2-4C00-BF40-36CD569974A5}"
EndProject
Project("{FAE04EC0-301F-11D3-BF4B-00C04F79EFBC}") = "NSE.Identidade.API", "src\services\NSE.Identidade.API\NSE.Identidade.API.csproj", "{87D9E41F-7E19-47D1-891A-F5ADBC5F799C}"
EndProject
Project("{2150E333-8FDC-42A3-9474-1A3956D46DE8}") = "MVC", "MVC", "{A5C6EF65-0FDA-4B1B-9C68-5A380753C289}"
EndProject
Project("{FAE04EC0-301F-11D3-BF4B-00C04F79EFBC}") = "NSE.WebApp.MVC", "src\web\NSE.WebApp.MVC\NSE.WebApp.MVC.csproj", "{C6F0977C-8B07-49BA-BDA6-C74BD7805BAB}"
EndProject
Project("{2150E333-8FDC-42A3-9474-1A3956D46DE8}") = "core", "core", "{DEC936CB-F7CF-445A-9DAC-9B33F4F3FC2F}"
EndProject
Project("{FAE04EC0-301F-11D3-BF4B-00C04F79EFBC}") = "NSE.Core", "src\buildingBlocks\NSE.Core\NSE.Core.csproj", "{1DEDE88C-E5ED-4AB9-A326-32B2E7BD6493}"
EndProject
Project("{2150E333-8FDC-42A3-9474-1A3956D46DE8}") = "carrinho", "carrinho", "{072E1FEC-323F-4E72-BFF2-C500BAA292BF}"
EndProject
Project("{2150E333-8FDC-42A3-9474-1A3956D46DE8}") = "catalogo", "catalogo", "{71E97D50-C813-44F7-BC14-448E9380007E}"
EndProject
Project("{2150E333-8FDC-42A3-9474-1A3956D46DE8}") = "cliente", "cliente", "{0B407EBE-763B-4BBE-AA22-9CCA473D3769}"
EndProject
Project("{2150E333-8FDC-42A3-9474-1A3956D46DE8}") = "pagamento", "pagamento", "{4575DF2C-A6EC-4EDA-971A-A736554968C4}"
EndProject
Project("{2150E333-8FDC-42A3-9474-1A3956D46DE8}") = "pedido", "pedido", "{6A8F7853-25EA-4BE2-A005-85517A7D2C1C}"
EndProject
Project("{FAE04EC0-301F-11D3-BF4B-00C04F79EFBC}") = "NSE.carrinho.API", "src\services\NSE.carrinho.API\NSE.carrinho.API.csproj", "{CDCD39EC-2A63-4633-8829-5702F6C96686}"
EndProject
Project("{FAE04EC0-301F-11D3-BF4B-00C04F79EFBC}") = "NSE.cliente.API", "src\services\NSE.cliente.API\NSE.cliente.API.csproj", "{9CA8B961-C1E7-4FD6-9E31-262D8C7F126A}"
EndProject
Project("{FAE04EC0-301F-11D3-BF4B-00C04F79EFBC}") = "NSE.pagamento.API", "src\services\NSE.pagamento.API\NSE.pagamento.API.csproj", "{E67F2213-9014-43DF-A72B-A2F460A18130}"
EndProject
Project("{FAE04EC0-301F-11D3-BF4B-00C04F79EFBC}") = "NSE.pedido.API", "src\services\NSE.pedido.API\NSE.pedido.API.csproj", "{E8185C23-3561-4D37-A831-BB9A3B336BFC}"
EndProject
Project("{FAE04EC0-301F-11D3-BF4B-00C04F79EFBC}") = "NSE.catalogo.API", "src\services\NSE.catalogo.API\NSE.catalogo.API.csproj", "{7FB163C1-55E0-4CA1-B62C-4D44A652B5F0}"
EndProject
Global
	GlobalSection(SolutionConfigurationPlatforms) = preSolution
		Debug|Any CPU = Debug|Any CPU
		Release|Any CPU = Release|Any CPU
	EndGlobalSection
	GlobalSection(ProjectConfigurationPlatforms) = postSolution
		{87D9E41F-7E19-47D1-891A-F5ADBC5F799C}.Debug|Any CPU.ActiveCfg = Debug|Any CPU
		{87D9E41F-7E19-47D1-891A-F5ADBC5F799C}.Debug|Any CPU.Build.0 = Debug|Any CPU
		{87D9E41F-7E19-47D1-891A-F5ADBC5F799C}.Release|Any CPU.ActiveCfg = Release|Any CPU
		{87D9E41F-7E19-47D1-891A-F5ADBC5F799C}.Release|Any CPU.Build.0 = Release|Any CPU
		{C6F0977C-8B07-49BA-BDA6-C74BD7805BAB}.Debug|Any CPU.ActiveCfg = Debug|Any CPU
		{C6F0977C-8B07-49BA-BDA6-C74BD7805BAB}.Debug|Any CPU.Build.0 = Debug|Any CPU
		{C6F0977C-8B07-49BA-BDA6-C74BD7805BAB}.Release|Any CPU.ActiveCfg = Release|Any CPU
		{C6F0977C-8B07-49BA-BDA6-C74BD7805BAB}.Release|Any CPU.Build.0 = Release|Any CPU
		{1DEDE88C-E5ED-4AB9-A326-32B2E7BD6493}.Debug|Any CPU.ActiveCfg = Debug|Any CPU
		{1DEDE88C-E5ED-4AB9-A326-32B2E7BD6493}.Debug|Any CPU.Build.0 = Debug|Any CPU
		{1DEDE88C-E5ED-4AB9-A326-32B2E7BD6493}.Release|Any CPU.ActiveCfg = Release|Any CPU
		{1DEDE88C-E5ED-4AB9-A326-32B2E7BD6493}.Release|Any CPU.Build.0 = Release|Any CPU
		{CDCD39EC-2A63-4633-8829-5702F6C96686}.Debug|Any CPU.ActiveCfg = Debug|Any CPU
		{CDCD39EC-2A63-4633-8829-5702F6C96686}.Debug|Any CPU.Build.0 = Debug|Any CPU
		{CDCD39EC-2A63-4633-8829-5702F6C96686}.Release|Any CPU.ActiveCfg = Release|Any CPU
		{CDCD39EC-2A63-4633-8829-5702F6C96686}.Release|Any CPU.Build.0 = Release|Any CPU
		{9CA8B961-C1E7-4FD6-9E31-262D8C7F126A}.Debug|Any CPU.ActiveCfg = Debug|Any CPU
		{9CA8B961-C1E7-4FD6-9E31-262D8C7F126A}.Debug|Any CPU.Build.0 = Debug|Any CPU
		{9CA8B961-C1E7-4FD6-9E31-262D8C7F126A}.Release|Any CPU.ActiveCfg = Release|Any CPU
		{9CA8B961-C1E7-4FD6-9E31-262D8C7F126A}.Release|Any CPU.Build.0 = Release|Any CPU
		{E67F2213-9014-43DF-A72B-A2F460A18130}.Debug|Any CPU.ActiveCfg = Debug|Any CPU
		{E67F2213-9014-43DF-A72B-A2F460A18130}.Debug|Any CPU.Build.0 = Debug|Any CPU
		{E67F2213-9014-43DF-A72B-A2F460A18130}.Release|Any CPU.ActiveCfg = Release|Any CPU
		{E67F2213-9014-43DF-A72B-A2F460A18130}.Release|Any CPU.Build.0 = Release|Any CPU
		{E8185C23-3561-4D37-A831-BB9A3B336BFC}.Debug|Any CPU.ActiveCfg = Debug|Any CPU
		{E8185C23-3561-4D37-A831-BB9A3B336BFC}.Debug|Any CPU.Build.0 = Debug|Any CPU
		{E8185C23-3561-4D37-A831-BB9A3B336BFC}.Release|Any CPU.ActiveCfg = Release|Any CPU
		{E8185C23-3561-4D37-A831-BB9A3B336BFC}.Release|Any CPU.Build.0 = Release|Any CPU
		{7FB163C1-55E0-4CA1-B62C-4D44A652B5F0}.Debug|Any CPU.ActiveCfg = Debug|Any CPU
		{7FB163C1-55E0-4CA1-B62C-4D44A652B5F0}.Debug|Any CPU.Build.0 = Debug|Any CPU
		{7FB163C1-55E0-4CA1-B62C-4D44A652B5F0}.Release|Any CPU.ActiveCfg = Release|Any CPU
		{7FB163C1-55E0-4CA1-B62C-4D44A652B5F0}.Release|Any CPU.Build.0 = Release|Any CPU
	EndGlobalSection
	GlobalSection(SolutionProperties) = preSolution
		HideSolutionNode = FALSE
	EndGlobalSection
	GlobalSection(NestedProjects) = preSolution
		{A7F166D0-622A-4522-A8CD-941BDB5297FA} = {BF18D0F5-01D7-4B76-B496-28AAB2EF5B2A}
		{1B285488-F55B-4C14-8E4C-CB451371C4D9} = {BF18D0F5-01D7-4B76-B496-28AAB2EF5B2A}
		{69460DC5-98DD-47C6-B626-EC9DD583546D} = {BF18D0F5-01D7-4B76-B496-28AAB2EF5B2A}
		{69B58768-A7C2-4C00-BF40-36CD569974A5} = {1B285488-F55B-4C14-8E4C-CB451371C4D9}
		{87D9E41F-7E19-47D1-891A-F5ADBC5F799C} = {69B58768-A7C2-4C00-BF40-36CD569974A5}
		{A5C6EF65-0FDA-4B1B-9C68-5A380753C289} = {69460DC5-98DD-47C6-B626-EC9DD583546D}
		{C6F0977C-8B07-49BA-BDA6-C74BD7805BAB} = {A5C6EF65-0FDA-4B1B-9C68-5A380753C289}
		{DEC936CB-F7CF-445A-9DAC-9B33F4F3FC2F} = {A7F166D0-622A-4522-A8CD-941BDB5297FA}
		{1DEDE88C-E5ED-4AB9-A326-32B2E7BD6493} = {DEC936CB-F7CF-445A-9DAC-9B33F4F3FC2F}
		{072E1FEC-323F-4E72-BFF2-C500BAA292BF} = {1B285488-F55B-4C14-8E4C-CB451371C4D9}
		{71E97D50-C813-44F7-BC14-448E9380007E} = {1B285488-F55B-4C14-8E4C-CB451371C4D9}
		{0B407EBE-763B-4BBE-AA22-9CCA473D3769} = {1B285488-F55B-4C14-8E4C-CB451371C4D9}
		{4575DF2C-A6EC-4EDA-971A-A736554968C4} = {1B285488-F55B-4C14-8E4C-CB451371C4D9}
		{6A8F7853-25EA-4BE2-A005-85517A7D2C1C} = {1B285488-F55B-4C14-8E4C-CB451371C4D9}
		{CDCD39EC-2A63-4633-8829-5702F6C96686} = {072E1FEC-323F-4E72-BFF2-C500BAA292BF}
		{9CA8B961-C1E7-4FD6-9E31-262D8C7F126A} = {0B407EBE-763B-4BBE-AA22-9CCA473D3769}
		{E67F2213-9014-43DF-A72B-A2F460A18130} = {4575DF2C-A6EC-4EDA-971A-A736554968C4}
		{E8185C23-3561-4D37-A831-BB9A3B336BFC} = {6A8F7853-25EA-4BE2-A005-85517A7D2C1C}
		{7FB163C1-55E0-4CA1-B62C-4D44A652B5F0} = {71E97D50-C813-44F7-BC14-448E9380007E}
	EndGlobalSection
	GlobalSection(ExtensibilityGlobals) = postSolution
		SolutionGuid = {5E349DCE-AF67-4955-9036-14495E50E4F6}
	EndGlobalSection
EndGlobal
